
Microsoft Visual Studio Solution File, Format Version 12.00
# Visual Studio Version 17
VisualStudioVersion = 17.11.35312.102
MinimumVisualStudioVersion = 10.0.40219.1
Project("{FAE04EC0-301F-11D3-BF4B-00C04F79EFBC}") = "VirusT", "VirusT\VirusT.csproj", "{4A83F41D-5D68-4ED7-B4D2-D0E4388DAF02}"
EndProject
Project("{FAE04EC0-301F-11D3-BF4B-00C04F79EFBC}") = "WF_VirusT", "WF_VirusT\WF_VirusT.csproj", "{733F7356-2330-4180-955A-DAA784AC29A8}"
EndProject
Global
	GlobalSection(SolutionConfigurationPlatforms) = preSolution
		Debug|Any CPU = Debug|Any CPU
		Release|Any CPU = Release|Any CPU
	EndGlobalSection
	GlobalSection(ProjectConfigurationPlatforms) = postSolution
		{4A83F41D-5D68-4ED7-B4D2-D0E4388DAF02}.Debug|Any CPU.ActiveCfg = Debug|Any CPU
		{4A83F41D-5D68-4ED7-B4D2-D0E4388DAF02}.Debug|Any CPU.Build.0 = Debug|Any CPU
		{4A83F41D-5D68-4ED7-B4D2-D0E4388DAF02}.Release|Any CPU.ActiveCfg = Release|Any CPU
		{4A83F41D-5D68-4ED7-B4D2-D0E4388DAF02}.Release|Any CPU.Build.0 = Release|Any CPU
		{733F7356-2330-4180-955A-DAA784AC29A8}.Debug|Any CPU.ActiveCfg = Debug|Any CPU
		{733F7356-2330-4180-955A-DAA784AC29A8}.Debug|Any CPU.Build.0 = Debug|Any CPU
		{733F7356-2330-4180-955A-DAA784AC29A8}.Release|Any CPU.ActiveCfg = Release|Any CPU
		{733F7356-2330-4180-955A-DAA784AC29A8}.Release|Any CPU.Build.0 = Release|Any CPU
	EndGlobalSection
	GlobalSection(SolutionProperties) = preSolution
		HideSolutionNode = FALSE
	EndGlobalSection
	GlobalSection(ExtensibilityGlobals) = postSolution
		SolutionGuid = {62BE2C7C-FEDF-470B-B008-F3EBE9999DAE}
	EndGlobalSection
EndGlobal
